
Microsoft Visual Studio Solution File, Format Version 12.00
# Visual Studio Version 17
VisualStudioVersion = 17.10.34928.147
MinimumVisualStudioVersion = 10.0.40219.1
Project("{9A19103F-16F7-4668-BE54-9A1E7A4F7556}") = "SnowyRiver.WPF.Converters", "WPF\SnowyRiver.WPF.Converters\SnowyRiver.WPF.Converters.csproj", "{E40317E0-B5B7-4DD2-9DD0-9950721C6DE5}"
EndProject
Project("{2150E333-8FDC-42A3-9474-1A3956D46DE8}") = "WPF", "WPF", "{3B2886EE-1186-4C50-B616-1304A9C129FB}"
EndProject
Project("{2150E333-8FDC-42A3-9474-1A3956D46DE8}") = "Controls", "Controls", "{90CF93C1-87A1-436E-AD91-83E65A905673}"
EndProject
Project("{9A19103F-16F7-4668-BE54-9A1E7A4F7556}") = "SnowyRiver.WPF.Controls.Injector", "WPF\Controls\SnowyRiver.WPF.Controls.Injector\SnowyRiver.WPF.Controls.Injector.csproj", "{36750292-0862-4E7C-88CC-9CBCC873F3A5}"
EndProject
Project("{9A19103F-16F7-4668-BE54-9A1E7A4F7556}") = "SnowyRiver.WPF.Controls.Valves", "WPF\Controls\SnowyRiver.WPF.Controls.Valves\SnowyRiver.WPF.Controls.Valves.csproj", "{C1112CE8-A258-4E8D-88F9-0B6AD2E5EEBE}"
EndProject
Project("{2150E333-8FDC-42A3-9474-1A3956D46DE8}") = "Demo", "Demo", "{C90AF204-D810-4D95-B1A5-B91F507519AB}"
EndProject
Project("{2150E333-8FDC-42A3-9474-1A3956D46DE8}") = "WPF", "WPF", "{F89BBB0C-CC11-4EC2-AC51-BEF62C0E828F}"
EndProject
Project("{9A19103F-16F7-4668-BE54-9A1E7A4F7556}") = "SnowyRiver.Demo.WPF.Core", "Demo\WPF\SnowyRiver.Demo.WPF\SnowyRiver.Demo.WPF.Core\SnowyRiver.Demo.WPF.Core.csproj", "{743A8ECF-39C0-4A6F-84F6-D42210471945}"
EndProject
Project("{9A19103F-16F7-4668-BE54-9A1E7A4F7556}") = "SnowyRiver.Demo.WPF", "Demo\WPF\SnowyRiver.Demo.WPF\SnowyRiver.Demo.WPF\SnowyRiver.Demo.WPF.csproj", "{44DF6D61-0D7B-4706-BAFE-B8FB3C22B0EB}"
EndProject
Project("{2150E333-8FDC-42A3-9474-1A3956D46DE8}") = "Services", "Services", "{468C5EF4-A668-4586-AA90-195F3E279238}"
EndProject
Project("{9A19103F-16F7-4668-BE54-9A1E7A4F7556}") = "SnowyRiver.Demo.WPF.Services.Interfaces", "Demo\WPF\SnowyRiver.Demo.WPF\Services\SnowyRiver.Demo.WPF.Services.Interfaces\SnowyRiver.Demo.WPF.Services.Interfaces.csproj", "{343FCCBA-EC7C-46E0-9FE4-5F2E81B7E2DF}"
EndProject
Project("{9A19103F-16F7-4668-BE54-9A1E7A4F7556}") = "SnowyRiver.Demo.WPF.Services", "Demo\WPF\SnowyRiver.Demo.WPF\Services\SnowyRiver.Demo.WPF.Services\SnowyRiver.Demo.WPF.Services.csproj", "{E8EC59F1-1C74-48F9-A18F-4AC9B6B80A60}"
EndProject
Project("{2150E333-8FDC-42A3-9474-1A3956D46DE8}") = "Modules", "Modules", "{E3CDBF13-2AAB-4651-9E9E-7029CD881D35}"
EndProject
Project("{2150E333-8FDC-42A3-9474-1A3956D46DE8}") = "Tests", "Tests", "{42EDDBC8-D840-4551-8C05-DD67CDD98895}"
EndProject
Project("{9A19103F-16F7-4668-BE54-9A1E7A4F7556}") = "SnowyRiver.Demo.WPF.Modules.ModuleName.Tests", "Demo\WPF\SnowyRiver.Demo.WPF\Tests\SnowyRiver.Demo.WPF.Modules.ModuleName.Tests\SnowyRiver.Demo.WPF.Modules.ModuleName.Tests.csproj", "{BCC39228-A698-440C-9C62-600DCE96C051}"
EndProject
Project("{9A19103F-16F7-4668-BE54-9A1E7A4F7556}") = "SnowyRiver.Demo.WPF.Modules.Controls", "Demo\WPF\SnowyRiver.Demo.WPF\Modules\SnowyRiver.Demo.WPF.Modules.Controls\SnowyRiver.Demo.WPF.Modules.Controls.csproj", "{48AE8DE6-21CD-47D4-9CC3-A1E98C0C3032}"
EndProject
Project("{FAE04EC0-301F-11D3-BF4B-00C04F79EFBC}") = "SnowyRiver.WPF.Controls.Diagram", "WPF\Controls\SnowyRiver.WPF.Controls.Diagram\SnowyRiver.WPF.Controls.Diagram.csproj", "{2A18C794-11AC-4A55-91C5-7A6CDAA37CD9}"
EndProject
Global
	GlobalSection(SolutionConfigurationPlatforms) = preSolution
		Debug|Any CPU = Debug|Any CPU
		Release|Any CPU = Release|Any CPU
	EndGlobalSection
	GlobalSection(ProjectConfigurationPlatforms) = postSolution
		{E40317E0-B5B7-4DD2-9DD0-9950721C6DE5}.Debug|Any CPU.ActiveCfg = Debug|Any CPU
		{E40317E0-B5B7-4DD2-9DD0-9950721C6DE5}.Debug|Any CPU.Build.0 = Debug|Any CPU
		{E40317E0-B5B7-4DD2-9DD0-9950721C6DE5}.Release|Any CPU.ActiveCfg = Release|Any CPU
		{E40317E0-B5B7-4DD2-9DD0-9950721C6DE5}.Release|Any CPU.Build.0 = Release|Any CPU
		{36750292-0862-4E7C-88CC-9CBCC873F3A5}.Debug|Any CPU.ActiveCfg = Debug|Any CPU
		{36750292-0862-4E7C-88CC-9CBCC873F3A5}.Debug|Any CPU.Build.0 = Debug|Any CPU
		{36750292-0862-4E7C-88CC-9CBCC873F3A5}.Release|Any CPU.ActiveCfg = Release|Any CPU
		{36750292-0862-4E7C-88CC-9CBCC873F3A5}.Release|Any CPU.Build.0 = Release|Any CPU
		{C1112CE8-A258-4E8D-88F9-0B6AD2E5EEBE}.Debug|Any CPU.ActiveCfg = Debug|Any CPU
		{C1112CE8-A258-4E8D-88F9-0B6AD2E5EEBE}.Debug|Any CPU.Build.0 = Debug|Any CPU
		{C1112CE8-A258-4E8D-88F9-0B6AD2E5EEBE}.Release|Any CPU.ActiveCfg = Release|Any CPU
		{C1112CE8-A258-4E8D-88F9-0B6AD2E5EEBE}.Release|Any CPU.Build.0 = Release|Any CPU
		{743A8ECF-39C0-4A6F-84F6-D42210471945}.Debug|Any CPU.ActiveCfg = Debug|Any CPU
		{743A8ECF-39C0-4A6F-84F6-D42210471945}.Debug|Any CPU.Build.0 = Debug|Any CPU
		{743A8ECF-39C0-4A6F-84F6-D42210471945}.Release|Any CPU.ActiveCfg = Release|Any CPU
		{743A8ECF-39C0-4A6F-84F6-D42210471945}.Release|Any CPU.Build.0 = Release|Any CPU
		{44DF6D61-0D7B-4706-BAFE-B8FB3C22B0EB}.Debug|Any CPU.ActiveCfg = Debug|Any CPU
		{44DF6D61-0D7B-4706-BAFE-B8FB3C22B0EB}.Debug|Any CPU.Build.0 = Debug|Any CPU
		{44DF6D61-0D7B-4706-BAFE-B8FB3C22B0EB}.Release|Any CPU.ActiveCfg = Release|Any CPU
		{44DF6D61-0D7B-4706-BAFE-B8FB3C22B0EB}.Release|Any CPU.Build.0 = Release|Any CPU
		{343FCCBA-EC7C-46E0-9FE4-5F2E81B7E2DF}.Debug|Any CPU.ActiveCfg = Debug|Any CPU
		{343FCCBA-EC7C-46E0-9FE4-5F2E81B7E2DF}.Debug|Any CPU.Build.0 = Debug|Any CPU
		{343FCCBA-EC7C-46E0-9FE4-5F2E81B7E2DF}.Release|Any CPU.ActiveCfg = Release|Any CPU
		{343FCCBA-EC7C-46E0-9FE4-5F2E81B7E2DF}.Release|Any CPU.Build.0 = Release|Any CPU
		{E8EC59F1-1C74-48F9-A18F-4AC9B6B80A60}.Debug|Any CPU.ActiveCfg = Debug|Any CPU
		{E8EC59F1-1C74-48F9-A18F-4AC9B6B80A60}.Debug|Any CPU.Build.0 = Debug|Any CPU
		{E8EC59F1-1C74-48F9-A18F-4AC9B6B80A60}.Release|Any CPU.ActiveCfg = Release|Any CPU
		{E8EC59F1-1C74-48F9-A18F-4AC9B6B80A60}.Release|Any CPU.Build.0 = Release|Any CPU
		{BCC39228-A698-440C-9C62-600DCE96C051}.Debug|Any CPU.ActiveCfg = Debug|Any CPU
		{BCC39228-A698-440C-9C62-600DCE96C051}.Debug|Any CPU.Build.0 = Debug|Any CPU
		{BCC39228-A698-440C-9C62-600DCE96C051}.Release|Any CPU.ActiveCfg = Release|Any CPU
		{BCC39228-A698-440C-9C62-600DCE96C051}.Release|Any CPU.Build.0 = Release|Any CPU
		{48AE8DE6-21CD-47D4-9CC3-A1E98C0C3032}.Debug|Any CPU.ActiveCfg = Debug|Any CPU
		{48AE8DE6-21CD-47D4-9CC3-A1E98C0C3032}.Debug|Any CPU.Build.0 = Debug|Any CPU
		{48AE8DE6-21CD-47D4-9CC3-A1E98C0C3032}.Release|Any CPU.ActiveCfg = Release|Any CPU
		{48AE8DE6-21CD-47D4-9CC3-A1E98C0C3032}.Release|Any CPU.Build.0 = Release|Any CPU
		{2A18C794-11AC-4A55-91C5-7A6CDAA37CD9}.Debug|Any CPU.ActiveCfg = Debug|Any CPU
		{2A18C794-11AC-4A55-91C5-7A6CDAA37CD9}.Debug|Any CPU.Build.0 = Debug|Any CPU
		{2A18C794-11AC-4A55-91C5-7A6CDAA37CD9}.Release|Any CPU.ActiveCfg = Release|Any CPU
		{2A18C794-11AC-4A55-91C5-7A6CDAA37CD9}.Release|Any CPU.Build.0 = Release|Any CPU
	EndGlobalSection
	GlobalSection(SolutionProperties) = preSolution
		HideSolutionNode = FALSE
	EndGlobalSection
	GlobalSection(NestedProjects) = preSolution
		{E40317E0-B5B7-4DD2-9DD0-9950721C6DE5} = {3B2886EE-1186-4C50-B616-1304A9C129FB}
		{90CF93C1-87A1-436E-AD91-83E65A905673} = {3B2886EE-1186-4C50-B616-1304A9C129FB}
		{36750292-0862-4E7C-88CC-9CBCC873F3A5} = {90CF93C1-87A1-436E-AD91-83E65A905673}
		{C1112CE8-A258-4E8D-88F9-0B6AD2E5EEBE} = {90CF93C1-87A1-436E-AD91-83E65A905673}
		{F89BBB0C-CC11-4EC2-AC51-BEF62C0E828F} = {C90AF204-D810-4D95-B1A5-B91F507519AB}
		{743A8ECF-39C0-4A6F-84F6-D42210471945} = {F89BBB0C-CC11-4EC2-AC51-BEF62C0E828F}
		{44DF6D61-0D7B-4706-BAFE-B8FB3C22B0EB} = {F89BBB0C-CC11-4EC2-AC51-BEF62C0E828F}
		{468C5EF4-A668-4586-AA90-195F3E279238} = {F89BBB0C-CC11-4EC2-AC51-BEF62C0E828F}
		{343FCCBA-EC7C-46E0-9FE4-5F2E81B7E2DF} = {468C5EF4-A668-4586-AA90-195F3E279238}
		{E8EC59F1-1C74-48F9-A18F-4AC9B6B80A60} = {468C5EF4-A668-4586-AA90-195F3E279238}
		{E3CDBF13-2AAB-4651-9E9E-7029CD881D35} = {F89BBB0C-CC11-4EC2-AC51-BEF62C0E828F}
		{42EDDBC8-D840-4551-8C05-DD67CDD98895} = {F89BBB0C-CC11-4EC2-AC51-BEF62C0E828F}
		{BCC39228-A698-440C-9C62-600DCE96C051} = {42EDDBC8-D840-4551-8C05-DD67CDD98895}
		{48AE8DE6-21CD-47D4-9CC3-A1E98C0C3032} = {E3CDBF13-2AAB-4651-9E9E-7029CD881D35}
		{2A18C794-11AC-4A55-91C5-7A6CDAA37CD9} = {90CF93C1-87A1-436E-AD91-83E65A905673}
	EndGlobalSection
	GlobalSection(ExtensibilityGlobals) = postSolution
		SolutionGuid = {E75A6A63-872F-41A5-80C6-C3FA93CCA7AC}
	EndGlobalSection
EndGlobal
