
Microsoft Visual Studio Solution File, Format Version 12.00
# Visual Studio Version 17
VisualStudioVersion = 17.10.34928.147
MinimumVisualStudioVersion = 10.0.40219.1
Project("{9A19103F-16F7-4668-BE54-9A1E7A4F7556}") = "SnowyRiver.WPF.Converters", "WPF\SnowyRiver.WPF.Converters\SnowyRiver.WPF.Converters.csproj", "{E40317E0-B5B7-4DD2-9DD0-9950721C6DE5}"
EndProject
Project("{2150E333-8FDC-42A3-9474-1A3956D46DE8}") = "WPF", "WPF", "{3B2886EE-1186-4C50-B616-1304A9C129FB}"
EndProject
Project("{2150E333-8FDC-42A3-9474-1A3956D46DE8}") = "Controls", "Controls", "{90CF93C1-87A1-436E-AD91-83E65A905673}"
EndProject
Project("{9A19103F-16F7-4668-BE54-9A1E7A4F7556}") = "SnowyRiver.WPF.Controls.Injector", "WPF\Controls\SnowyRiver.WPF.Controls.Injector\SnowyRiver.WPF.Controls.Injector.csproj", "{36750292-0862-4E7C-88CC-9CBCC873F3A5}"
EndProject
Project("{9A19103F-16F7-4668-BE54-9A1E7A4F7556}") = "SnowyRiver.WPF.Controls.Valves", "WPF\Controls\SnowyRiver.WPF.Controls.Valves\SnowyRiver.WPF.Controls.Valves.csproj", "{C1112CE8-A258-4E8D-88F9-0B6AD2E5EEBE}"
EndProject
Project("{2150E333-8FDC-42A3-9474-1A3956D46DE8}") = "Demo", "Demo", "{C90AF204-D810-4D95-B1A5-B91F507519AB}"
EndProject
Project("{2150E333-8FDC-42A3-9474-1A3956D46DE8}") = "WPF", "WPF", "{F89BBB0C-CC11-4EC2-AC51-BEF62C0E828F}"
EndProject
Project("{9A19103F-16F7-4668-BE54-9A1E7A4F7556}") = "SnowyRiver.Demo.WPF.Core", "Demo\WPF\SnowyRiver.Demo.WPF\SnowyRiver.Demo.WPF.Core\SnowyRiver.Demo.WPF.Core.csproj", "{743A8ECF-39C0-4A6F-84F6-D42210471945}"
EndProject
Project("{9A19103F-16F7-4668-BE54-9A1E7A4F7556}") = "SnowyRiver.Demo.WPF", "Demo\WPF\SnowyRiver.Demo.WPF\SnowyRiver.Demo.WPF\SnowyRiver.Demo.WPF.csproj", "{44DF6D61-0D7B-4706-BAFE-B8FB3C22B0EB}"
EndProject
Project("{2150E333-8FDC-42A3-9474-1A3956D46DE8}") = "Services", "Services", "{468C5EF4-A668-4586-AA90-195F3E279238}"
EndProject
Project("{9A19103F-16F7-4668-BE54-9A1E7A4F7556}") = "SnowyRiver.Demo.WPF.Services.Interfaces", "Demo\WPF\SnowyRiver.Demo.WPF\Services\SnowyRiver.Demo.WPF.Services.Interfaces\SnowyRiver.Demo.WPF.Services.Interfaces.csproj", "{343FCCBA-EC7C-46E0-9FE4-5F2E81B7E2DF}"
EndProject
Project("{9A19103F-16F7-4668-BE54-9A1E7A4F7556}") = "SnowyRiver.Demo.WPF.Services", "Demo\WPF\SnowyRiver.Demo.WPF\Services\SnowyRiver.Demo.WPF.Services\SnowyRiver.Demo.WPF.Services.csproj", "{E8EC59F1-1C74-48F9-A18F-4AC9B6B80A60}"
EndProject
Project("{2150E333-8FDC-42A3-9474-1A3956D46DE8}") = "Modules", "Modules", "{E3CDBF13-2AAB-4651-9E9E-7029CD881D35}"
EndProject
Project("{2150E333-8FDC-42A3-9474-1A3956D46DE8}") = "Tests", "Tests", "{42EDDBC8-D840-4551-8C05-DD67CDD98895}"
EndProject
Project("{9A19103F-16F7-4668-BE54-9A1E7A4F7556}") = "SnowyRiver.Demo.WPF.Modules.Controls", "Demo\WPF\SnowyRiver.Demo.WPF\Modules\SnowyRiver.Demo.WPF.Modules.Controls\SnowyRiver.Demo.WPF.Modules.Controls.csproj", "{48AE8DE6-21CD-47D4-9CC3-A1E98C0C3032}"
EndProject
Project("{9A19103F-16F7-4668-BE54-9A1E7A4F7556}") = "SnowyRiver.WPF.Controls.Diagram", "WPF\Controls\SnowyRiver.WPF.Controls.Diagram\SnowyRiver.WPF.Controls.Diagram.csproj", "{2A18C794-11AC-4A55-91C5-7A6CDAA37CD9}"
EndProject
Project("{9A19103F-16F7-4668-BE54-9A1E7A4F7556}") = "SnowyRiver.WPF.MaterialDesignInPrism", "WPF\SnowyRiver.WPF.MaterialDesignInPrism\SnowyRiver.WPF.MaterialDesignInPrism.csproj", "{603F320A-8C31-4845-AEA2-A7300FC2E648}"
EndProject
Project("{9A19103F-16F7-4668-BE54-9A1E7A4F7556}") = "SnowyRiver.WPF.MarkupExtension", "WPF\SnowyRiver.WPF.MarkupExtension\SnowyRiver.WPF.MarkupExtension.csproj", "{9500F43A-B47F-4187-948F-96E3B6CC042C}"
EndProject
Project("{2150E333-8FDC-42A3-9474-1A3956D46DE8}") = "DDD", "DDD", "{0B81BC32-028F-475E-82F4-6AE2B7CEB47F}"
EndProject
Project("{9A19103F-16F7-4668-BE54-9A1E7A4F7556}") = "SnowyRiver.Application.Contracts", "DDD\SnowyRiver.Application.Contracts\SnowyRiver.Application.Contracts.csproj", "{A97F879A-D4A7-4FFC-9E73-C52504A6FD5F}"
EndProject
Project("{9A19103F-16F7-4668-BE54-9A1E7A4F7556}") = "SnowyRiver.Domain", "DDD\SnowyRiver.Domain\SnowyRiver.Domain.csproj", "{F9C60EDB-EEB4-455E-9E2D-403EC853A1E7}"
EndProject
Project("{9A19103F-16F7-4668-BE54-9A1E7A4F7556}") = "SnowyRiver.Domain.Shared", "DDD\SnowyRiver.Domain.Shared\SnowyRiver.Domain.Shared.csproj", "{CBB5E86C-3925-45A5-A76E-0DE113FC4955}"
EndProject
Project("{2150E333-8FDC-42A3-9474-1A3956D46DE8}") = "Commons", "Commons", "{0AA91054-FCD2-4828-BB88-2276FBDB6722}"
EndProject
Project("{9A19103F-16F7-4668-BE54-9A1E7A4F7556}") = "SnowyRiver.Commons", "Commons\SnowyRiver.Commons\SnowyRiver.Commons.csproj", "{0E36DFF5-00A8-4BAA-B6B8-77605B79D2C2}"
EndProject
Project("{9A19103F-16F7-4668-BE54-9A1E7A4F7556}") = "SnowyRiver.WPF.Localized", "WPF\SnowyRiver.WPF.Localized\SnowyRiver.WPF.Localized.csproj", "{2700B98F-47E8-4E7F-AF79-E90C58ECA296}"
EndProject
Project("{9A19103F-16F7-4668-BE54-9A1E7A4F7556}") = "SnowyRiver.Converters", "Commons\SnowyRiver.Converters\SnowyRiver.Converters.csproj", "{EFD67526-7538-4200-A459-AD0BD60A21AD}"
EndProject
Project("{FAE04EC0-301F-11D3-BF4B-00C04F79EFBC}") = "SnowyRiver.WPF.Configuration", "WPF\SnowyRiver.WPF. Configuration\SnowyRiver.WPF.Configuration.csproj", "{B1A6F562-16B2-4B6C-B12D-940A1ECE662E}"
EndProject
Project("{2150E333-8FDC-42A3-9474-1A3956D46DE8}") = "Accounts", "Accounts", "{40B0B2A3-0A39-4C3C-8DEE-41808991D21F}"
EndProject
Project("{FAE04EC0-301F-11D3-BF4B-00C04F79EFBC}") = "SnowyRiver.Accounts.Manager", "Accounts\SnowyRiver.Accounts.Manager\SnowyRiver.Accounts.Manager.csproj", "{87E06FAC-2DD3-4C45-9566-EB94BFDB49ED}"
EndProject
Project("{2150E333-8FDC-42A3-9474-1A3956D46DE8}") = "Modules", "Modules", "{E6E6A0EC-1BED-4F32-9E0F-B8E35A11EE5F}"
EndProject
Project("{FAE04EC0-301F-11D3-BF4B-00C04F79EFBC}") = "SnowyRiver.Accounts.Modules.Manager", "Accounts\Modules\SnowyRiver.Accounts.Modules.Manager\SnowyRiver.Accounts.Modules.Manager.csproj", "{59B744A1-FC46-4562-AFAE-4B4E1885EE2C}"
EndProject
Project("{FAE04EC0-301F-11D3-BF4B-00C04F79EFBC}") = "SnowyRiver.Accounts.Core", "Accounts\SnowyRiver.Accounts.Core\SnowyRiver.Accounts.Core.csproj", "{EEF262F6-4DAB-4401-B844-5D9FA963422E}"
EndProject
Project("{FAE04EC0-301F-11D3-BF4B-00C04F79EFBC}") = "SnowyRiver.Accounts.Domain", "Accounts\SnowyRiver.Accounts.Domain\SnowyRiver.Accounts.Domain.csproj", "{91339D7B-2EEB-48B1-9582-B6CF3F2BB70F}"
EndProject
Project("{FAE04EC0-301F-11D3-BF4B-00C04F79EFBC}") = "SnowyRiver.Accounts.EntityFramework", "Accounts\SnowyRiver.Accounts.EntityFramework\SnowyRiver.Accounts.EntityFramework.csproj", "{53BB6DDA-B201-4ED3-BF36-AB4928D5B817}"
EndProject
Project("{FAE04EC0-301F-11D3-BF4B-00C04F79EFBC}") = "SnowyRiver.Accounts.Manager.EntityFramework", "Accounts\SnowyRiver.Accouns.Mananger.EntityFramework\SnowyRiver.Accounts.Manager.EntityFramework.csproj", "{52A1E554-FEE4-4BD4-A89E-1DDBC91597C2}"
EndProject
Project("{FAE04EC0-301F-11D3-BF4B-00C04F79EFBC}") = "SnowyRiver.WPF.NotifyPropertyChangedBase", "WPF\SnowyRiver.WPF.NotifyPropertyChangedBase\SnowyRiver.WPF.NotifyPropertyChangedBase.csproj", "{ABBB33E0-132F-494C-95FF-AD2444CCBF10}"
EndProject
Project("{2150E333-8FDC-42A3-9474-1A3956D46DE8}") = "OpenCV", "OpenCV", "{077FF342-B5C1-4ACB-9F6B-D064DCC9AF3C}"
EndProject
Project("{FAE04EC0-301F-11D3-BF4B-00C04F79EFBC}") = "SnowyRiver.OpenCvSharp.Extensions", "OpenCv\SnowyRiver.OpenCvSharp.Extensions\SnowyRiver.OpenCvSharp.Extensions.csproj", "{7DB19A28-45FB-4D1D-A41F-79D6C7004E21}"
EndProject
Project("{2150E333-8FDC-42A3-9474-1A3956D46DE8}") = "Modbus", "Modbus", "{BE352F3F-EB14-4C0E-8CFA-0A0B5065BB62}"
EndProject
Project("{FAE04EC0-301F-11D3-BF4B-00C04F79EFBC}") = "SnowyRiver.Modbus.FluentModbus", "Modbus\SnowyRiver.Modbus.FluentModbus\SnowyRiver.Modbus.FluentModbus.csproj", "{3A3DF562-6423-4F07-853F-B372C3EC669E}"
EndProject
Project("{FAE04EC0-301F-11D3-BF4B-00C04F79EFBC}") = "SnowyRiver.WorkFlows", "Commons\SnowyRiver.WorkFlows\SnowyRiver.WorkFlows.csproj", "{8695513A-EA35-4027-B028-69A5E9307008}"
EndProject
Project("{FAE04EC0-301F-11D3-BF4B-00C04F79EFBC}") = "SnowyRiver.WPF.Modules.Splash", "WPF\Modules\SnowyRiver.WPF.Modules.Splash\SnowyRiver.WPF.Modules.Splash.csproj", "{151A58CD-C60C-4508-B662-B7C8A3E612EE}"
EndProject
Project("{2150E333-8FDC-42A3-9474-1A3956D46DE8}") = "Modules", "Modules", "{E3FE9B43-966E-4FBF-986F-7691D8C240ED}"
EndProject
Project("{FAE04EC0-301F-11D3-BF4B-00C04F79EFBC}") = "SnowyRiver.Accounts.Modules.Manager.Interfaces", "Accounts\Modules\SnowyRiver.Accounts.Modules.Manager.Interfaces\SnowyRiver.Accounts.Modules.Manager.Interfaces.csproj", "{A99D6E30-9CF6-421D-A46E-BA101429038E}"
EndProject
Project("{FAE04EC0-301F-11D3-BF4B-00C04F79EFBC}") = "SnowyRiver.Polly", "Commons\SnowyRiver.Polly\SnowyRiver.Polly.csproj", "{96DB2D07-7574-421E-99D6-7F37BF8F7562}"
EndProject
Project("{FAE04EC0-301F-11D3-BF4B-00C04F79EFBC}") = "SnowyRiver.WPF.MaterialDesignInPrism.Core", "WPF\SnowyRiver.WPF.MaterialDesignInPrism.Core\SnowyRiver.WPF.MaterialDesignInPrism.Core.csproj", "{45AE3507-70F4-40E2-97C9-BE7005FEE37A}"
EndProject
Project("{FAE04EC0-301F-11D3-BF4B-00C04F79EFBC}") = "SnowyRiver.Jwt", "SnowyRiver.Jwt\SnowyRiver.Jwt.csproj", "{81B772F6-0917-4AC2-AE6A-12A4804990E3}"
EndProject
Project("{FAE04EC0-301F-11D3-BF4B-00C04F79EFBC}") = "SnowyRiver.Ef", "SnowyRiver.EF\SnowyRiver.Ef.csproj", "{5B76A702-8AC2-4FC4-86BC-2D8FC2BA318E}"
EndProject
Project("{FAE04EC0-301F-11D3-BF4B-00C04F79EFBC}") = "SnowyRiver.CommonInitializer", "DDD\SnowyRiver.CommonInitializer\SnowyRiver.CommonInitializer.csproj", "{CE6C35AA-2AE8-40EE-A720-0D51136BFD79}"
EndProject
Project("{FAE04EC0-301F-11D3-BF4B-00C04F79EFBC}") = "SnowyRiver.Reflection", "Commons\SnowyRiver.Reflection\SnowyRiver.Reflection.csproj", "{8B06AD25-03F3-4B05-BFDF-B7EE2B73E91A}"
EndProject
Global
	GlobalSection(SolutionConfigurationPlatforms) = preSolution
		Debug|Any CPU = Debug|Any CPU
		Release|Any CPU = Release|Any CPU
	EndGlobalSection
	GlobalSection(ProjectConfigurationPlatforms) = postSolution
		{E40317E0-B5B7-4DD2-9DD0-9950721C6DE5}.Debug|Any CPU.ActiveCfg = Debug|Any CPU
		{E40317E0-B5B7-4DD2-9DD0-9950721C6DE5}.Debug|Any CPU.Build.0 = Debug|Any CPU
		{E40317E0-B5B7-4DD2-9DD0-9950721C6DE5}.Release|Any CPU.ActiveCfg = Release|Any CPU
		{E40317E0-B5B7-4DD2-9DD0-9950721C6DE5}.Release|Any CPU.Build.0 = Release|Any CPU
		{36750292-0862-4E7C-88CC-9CBCC873F3A5}.Debug|Any CPU.ActiveCfg = Debug|Any CPU
		{36750292-0862-4E7C-88CC-9CBCC873F3A5}.Debug|Any CPU.Build.0 = Debug|Any CPU
		{36750292-0862-4E7C-88CC-9CBCC873F3A5}.Release|Any CPU.ActiveCfg = Release|Any CPU
		{36750292-0862-4E7C-88CC-9CBCC873F3A5}.Release|Any CPU.Build.0 = Release|Any CPU
		{C1112CE8-A258-4E8D-88F9-0B6AD2E5EEBE}.Debug|Any CPU.ActiveCfg = Debug|Any CPU
		{C1112CE8-A258-4E8D-88F9-0B6AD2E5EEBE}.Debug|Any CPU.Build.0 = Debug|Any CPU
		{C1112CE8-A258-4E8D-88F9-0B6AD2E5EEBE}.Release|Any CPU.ActiveCfg = Release|Any CPU
		{C1112CE8-A258-4E8D-88F9-0B6AD2E5EEBE}.Release|Any CPU.Build.0 = Release|Any CPU
		{743A8ECF-39C0-4A6F-84F6-D42210471945}.Debug|Any CPU.ActiveCfg = Debug|Any CPU
		{743A8ECF-39C0-4A6F-84F6-D42210471945}.Debug|Any CPU.Build.0 = Debug|Any CPU
		{743A8ECF-39C0-4A6F-84F6-D42210471945}.Release|Any CPU.ActiveCfg = Release|Any CPU
		{743A8ECF-39C0-4A6F-84F6-D42210471945}.Release|Any CPU.Build.0 = Release|Any CPU
		{44DF6D61-0D7B-4706-BAFE-B8FB3C22B0EB}.Debug|Any CPU.ActiveCfg = Debug|Any CPU
		{44DF6D61-0D7B-4706-BAFE-B8FB3C22B0EB}.Debug|Any CPU.Build.0 = Debug|Any CPU
		{44DF6D61-0D7B-4706-BAFE-B8FB3C22B0EB}.Release|Any CPU.ActiveCfg = Release|Any CPU
		{44DF6D61-0D7B-4706-BAFE-B8FB3C22B0EB}.Release|Any CPU.Build.0 = Release|Any CPU
		{343FCCBA-EC7C-46E0-9FE4-5F2E81B7E2DF}.Debug|Any CPU.ActiveCfg = Debug|Any CPU
		{343FCCBA-EC7C-46E0-9FE4-5F2E81B7E2DF}.Debug|Any CPU.Build.0 = Debug|Any CPU
		{343FCCBA-EC7C-46E0-9FE4-5F2E81B7E2DF}.Release|Any CPU.ActiveCfg = Release|Any CPU
		{343FCCBA-EC7C-46E0-9FE4-5F2E81B7E2DF}.Release|Any CPU.Build.0 = Release|Any CPU
		{E8EC59F1-1C74-48F9-A18F-4AC9B6B80A60}.Debug|Any CPU.ActiveCfg = Debug|Any CPU
		{E8EC59F1-1C74-48F9-A18F-4AC9B6B80A60}.Debug|Any CPU.Build.0 = Debug|Any CPU
		{E8EC59F1-1C74-48F9-A18F-4AC9B6B80A60}.Release|Any CPU.ActiveCfg = Release|Any CPU
		{E8EC59F1-1C74-48F9-A18F-4AC9B6B80A60}.Release|Any CPU.Build.0 = Release|Any CPU
		{48AE8DE6-21CD-47D4-9CC3-A1E98C0C3032}.Debug|Any CPU.ActiveCfg = Debug|Any CPU
		{48AE8DE6-21CD-47D4-9CC3-A1E98C0C3032}.Debug|Any CPU.Build.0 = Debug|Any CPU
		{48AE8DE6-21CD-47D4-9CC3-A1E98C0C3032}.Release|Any CPU.ActiveCfg = Release|Any CPU
		{48AE8DE6-21CD-47D4-9CC3-A1E98C0C3032}.Release|Any CPU.Build.0 = Release|Any CPU
		{2A18C794-11AC-4A55-91C5-7A6CDAA37CD9}.Debug|Any CPU.ActiveCfg = Debug|Any CPU
		{2A18C794-11AC-4A55-91C5-7A6CDAA37CD9}.Debug|Any CPU.Build.0 = Debug|Any CPU
		{2A18C794-11AC-4A55-91C5-7A6CDAA37CD9}.Release|Any CPU.ActiveCfg = Release|Any CPU
		{2A18C794-11AC-4A55-91C5-7A6CDAA37CD9}.Release|Any CPU.Build.0 = Release|Any CPU
		{603F320A-8C31-4845-AEA2-A7300FC2E648}.Debug|Any CPU.ActiveCfg = Debug|Any CPU
		{603F320A-8C31-4845-AEA2-A7300FC2E648}.Debug|Any CPU.Build.0 = Debug|Any CPU
		{603F320A-8C31-4845-AEA2-A7300FC2E648}.Release|Any CPU.ActiveCfg = Release|Any CPU
		{603F320A-8C31-4845-AEA2-A7300FC2E648}.Release|Any CPU.Build.0 = Release|Any CPU
		{9500F43A-B47F-4187-948F-96E3B6CC042C}.Debug|Any CPU.ActiveCfg = Debug|Any CPU
		{9500F43A-B47F-4187-948F-96E3B6CC042C}.Debug|Any CPU.Build.0 = Debug|Any CPU
		{9500F43A-B47F-4187-948F-96E3B6CC042C}.Release|Any CPU.ActiveCfg = Release|Any CPU
		{9500F43A-B47F-4187-948F-96E3B6CC042C}.Release|Any CPU.Build.0 = Release|Any CPU
		{A97F879A-D4A7-4FFC-9E73-C52504A6FD5F}.Debug|Any CPU.ActiveCfg = Debug|Any CPU
		{A97F879A-D4A7-4FFC-9E73-C52504A6FD5F}.Debug|Any CPU.Build.0 = Debug|Any CPU
		{A97F879A-D4A7-4FFC-9E73-C52504A6FD5F}.Release|Any CPU.ActiveCfg = Release|Any CPU
		{A97F879A-D4A7-4FFC-9E73-C52504A6FD5F}.Release|Any CPU.Build.0 = Release|Any CPU
		{F9C60EDB-EEB4-455E-9E2D-403EC853A1E7}.Debug|Any CPU.ActiveCfg = Debug|Any CPU
		{F9C60EDB-EEB4-455E-9E2D-403EC853A1E7}.Debug|Any CPU.Build.0 = Debug|Any CPU
		{F9C60EDB-EEB4-455E-9E2D-403EC853A1E7}.Release|Any CPU.ActiveCfg = Release|Any CPU
		{F9C60EDB-EEB4-455E-9E2D-403EC853A1E7}.Release|Any CPU.Build.0 = Release|Any CPU
		{CBB5E86C-3925-45A5-A76E-0DE113FC4955}.Debug|Any CPU.ActiveCfg = Debug|Any CPU
		{CBB5E86C-3925-45A5-A76E-0DE113FC4955}.Debug|Any CPU.Build.0 = Debug|Any CPU
		{CBB5E86C-3925-45A5-A76E-0DE113FC4955}.Release|Any CPU.ActiveCfg = Release|Any CPU
		{CBB5E86C-3925-45A5-A76E-0DE113FC4955}.Release|Any CPU.Build.0 = Release|Any CPU
		{0E36DFF5-00A8-4BAA-B6B8-77605B79D2C2}.Debug|Any CPU.ActiveCfg = Debug|Any CPU
		{0E36DFF5-00A8-4BAA-B6B8-77605B79D2C2}.Debug|Any CPU.Build.0 = Debug|Any CPU
		{0E36DFF5-00A8-4BAA-B6B8-77605B79D2C2}.Release|Any CPU.ActiveCfg = Release|Any CPU
		{0E36DFF5-00A8-4BAA-B6B8-77605B79D2C2}.Release|Any CPU.Build.0 = Release|Any CPU
		{2700B98F-47E8-4E7F-AF79-E90C58ECA296}.Debug|Any CPU.ActiveCfg = Debug|Any CPU
		{2700B98F-47E8-4E7F-AF79-E90C58ECA296}.Debug|Any CPU.Build.0 = Debug|Any CPU
		{2700B98F-47E8-4E7F-AF79-E90C58ECA296}.Release|Any CPU.ActiveCfg = Release|Any CPU
		{2700B98F-47E8-4E7F-AF79-E90C58ECA296}.Release|Any CPU.Build.0 = Release|Any CPU
		{EFD67526-7538-4200-A459-AD0BD60A21AD}.Debug|Any CPU.ActiveCfg = Debug|Any CPU
		{EFD67526-7538-4200-A459-AD0BD60A21AD}.Debug|Any CPU.Build.0 = Debug|Any CPU
		{EFD67526-7538-4200-A459-AD0BD60A21AD}.Release|Any CPU.ActiveCfg = Release|Any CPU
		{EFD67526-7538-4200-A459-AD0BD60A21AD}.Release|Any CPU.Build.0 = Release|Any CPU
		{B1A6F562-16B2-4B6C-B12D-940A1ECE662E}.Debug|Any CPU.ActiveCfg = Debug|Any CPU
		{B1A6F562-16B2-4B6C-B12D-940A1ECE662E}.Debug|Any CPU.Build.0 = Debug|Any CPU
		{B1A6F562-16B2-4B6C-B12D-940A1ECE662E}.Release|Any CPU.ActiveCfg = Release|Any CPU
		{B1A6F562-16B2-4B6C-B12D-940A1ECE662E}.Release|Any CPU.Build.0 = Release|Any CPU
		{87E06FAC-2DD3-4C45-9566-EB94BFDB49ED}.Debug|Any CPU.ActiveCfg = Debug|Any CPU
		{87E06FAC-2DD3-4C45-9566-EB94BFDB49ED}.Debug|Any CPU.Build.0 = Debug|Any CPU
		{87E06FAC-2DD3-4C45-9566-EB94BFDB49ED}.Release|Any CPU.ActiveCfg = Release|Any CPU
		{87E06FAC-2DD3-4C45-9566-EB94BFDB49ED}.Release|Any CPU.Build.0 = Release|Any CPU
		{59B744A1-FC46-4562-AFAE-4B4E1885EE2C}.Debug|Any CPU.ActiveCfg = Debug|Any CPU
		{59B744A1-FC46-4562-AFAE-4B4E1885EE2C}.Debug|Any CPU.Build.0 = Debug|Any CPU
		{59B744A1-FC46-4562-AFAE-4B4E1885EE2C}.Release|Any CPU.ActiveCfg = Release|Any CPU
		{59B744A1-FC46-4562-AFAE-4B4E1885EE2C}.Release|Any CPU.Build.0 = Release|Any CPU
		{EEF262F6-4DAB-4401-B844-5D9FA963422E}.Debug|Any CPU.ActiveCfg = Debug|Any CPU
		{EEF262F6-4DAB-4401-B844-5D9FA963422E}.Debug|Any CPU.Build.0 = Debug|Any CPU
		{EEF262F6-4DAB-4401-B844-5D9FA963422E}.Release|Any CPU.ActiveCfg = Release|Any CPU
		{EEF262F6-4DAB-4401-B844-5D9FA963422E}.Release|Any CPU.Build.0 = Release|Any CPU
		{91339D7B-2EEB-48B1-9582-B6CF3F2BB70F}.Debug|Any CPU.ActiveCfg = Debug|Any CPU
		{91339D7B-2EEB-48B1-9582-B6CF3F2BB70F}.Debug|Any CPU.Build.0 = Debug|Any CPU
		{91339D7B-2EEB-48B1-9582-B6CF3F2BB70F}.Release|Any CPU.ActiveCfg = Release|Any CPU
		{91339D7B-2EEB-48B1-9582-B6CF3F2BB70F}.Release|Any CPU.Build.0 = Release|Any CPU
		{53BB6DDA-B201-4ED3-BF36-AB4928D5B817}.Debug|Any CPU.ActiveCfg = Debug|Any CPU
		{53BB6DDA-B201-4ED3-BF36-AB4928D5B817}.Debug|Any CPU.Build.0 = Debug|Any CPU
		{53BB6DDA-B201-4ED3-BF36-AB4928D5B817}.Release|Any CPU.ActiveCfg = Release|Any CPU
		{53BB6DDA-B201-4ED3-BF36-AB4928D5B817}.Release|Any CPU.Build.0 = Release|Any CPU
		{52A1E554-FEE4-4BD4-A89E-1DDBC91597C2}.Debug|Any CPU.ActiveCfg = Debug|Any CPU
		{52A1E554-FEE4-4BD4-A89E-1DDBC91597C2}.Debug|Any CPU.Build.0 = Debug|Any CPU
		{52A1E554-FEE4-4BD4-A89E-1DDBC91597C2}.Release|Any CPU.ActiveCfg = Release|Any CPU
		{52A1E554-FEE4-4BD4-A89E-1DDBC91597C2}.Release|Any CPU.Build.0 = Release|Any CPU
		{ABBB33E0-132F-494C-95FF-AD2444CCBF10}.Debug|Any CPU.ActiveCfg = Debug|Any CPU
		{ABBB33E0-132F-494C-95FF-AD2444CCBF10}.Debug|Any CPU.Build.0 = Debug|Any CPU
		{ABBB33E0-132F-494C-95FF-AD2444CCBF10}.Release|Any CPU.ActiveCfg = Release|Any CPU
		{ABBB33E0-132F-494C-95FF-AD2444CCBF10}.Release|Any CPU.Build.0 = Release|Any CPU
		{7DB19A28-45FB-4D1D-A41F-79D6C7004E21}.Debug|Any CPU.ActiveCfg = Debug|Any CPU
		{7DB19A28-45FB-4D1D-A41F-79D6C7004E21}.Debug|Any CPU.Build.0 = Debug|Any CPU
		{7DB19A28-45FB-4D1D-A41F-79D6C7004E21}.Release|Any CPU.ActiveCfg = Release|Any CPU
		{7DB19A28-45FB-4D1D-A41F-79D6C7004E21}.Release|Any CPU.Build.0 = Release|Any CPU
		{3A3DF562-6423-4F07-853F-B372C3EC669E}.Debug|Any CPU.ActiveCfg = Debug|Any CPU
		{3A3DF562-6423-4F07-853F-B372C3EC669E}.Debug|Any CPU.Build.0 = Debug|Any CPU
		{3A3DF562-6423-4F07-853F-B372C3EC669E}.Release|Any CPU.ActiveCfg = Release|Any CPU
		{3A3DF562-6423-4F07-853F-B372C3EC669E}.Release|Any CPU.Build.0 = Release|Any CPU
		{8695513A-EA35-4027-B028-69A5E9307008}.Debug|Any CPU.ActiveCfg = Debug|Any CPU
		{8695513A-EA35-4027-B028-69A5E9307008}.Debug|Any CPU.Build.0 = Debug|Any CPU
		{8695513A-EA35-4027-B028-69A5E9307008}.Release|Any CPU.ActiveCfg = Release|Any CPU
		{8695513A-EA35-4027-B028-69A5E9307008}.Release|Any CPU.Build.0 = Release|Any CPU
		{151A58CD-C60C-4508-B662-B7C8A3E612EE}.Debug|Any CPU.ActiveCfg = Debug|Any CPU
		{151A58CD-C60C-4508-B662-B7C8A3E612EE}.Debug|Any CPU.Build.0 = Debug|Any CPU
		{151A58CD-C60C-4508-B662-B7C8A3E612EE}.Release|Any CPU.ActiveCfg = Release|Any CPU
		{151A58CD-C60C-4508-B662-B7C8A3E612EE}.Release|Any CPU.Build.0 = Release|Any CPU
		{A99D6E30-9CF6-421D-A46E-BA101429038E}.Debug|Any CPU.ActiveCfg = Debug|Any CPU
		{A99D6E30-9CF6-421D-A46E-BA101429038E}.Debug|Any CPU.Build.0 = Debug|Any CPU
		{A99D6E30-9CF6-421D-A46E-BA101429038E}.Release|Any CPU.ActiveCfg = Release|Any CPU
		{A99D6E30-9CF6-421D-A46E-BA101429038E}.Release|Any CPU.Build.0 = Release|Any CPU
		{96DB2D07-7574-421E-99D6-7F37BF8F7562}.Debug|Any CPU.ActiveCfg = Debug|Any CPU
		{96DB2D07-7574-421E-99D6-7F37BF8F7562}.Debug|Any CPU.Build.0 = Debug|Any CPU
		{96DB2D07-7574-421E-99D6-7F37BF8F7562}.Release|Any CPU.ActiveCfg = Release|Any CPU
		{96DB2D07-7574-421E-99D6-7F37BF8F7562}.Release|Any CPU.Build.0 = Release|Any CPU
		{45AE3507-70F4-40E2-97C9-BE7005FEE37A}.Debug|Any CPU.ActiveCfg = Debug|Any CPU
		{45AE3507-70F4-40E2-97C9-BE7005FEE37A}.Debug|Any CPU.Build.0 = Debug|Any CPU
		{45AE3507-70F4-40E2-97C9-BE7005FEE37A}.Release|Any CPU.ActiveCfg = Release|Any CPU
		{45AE3507-70F4-40E2-97C9-BE7005FEE37A}.Release|Any CPU.Build.0 = Release|Any CPU
		{81B772F6-0917-4AC2-AE6A-12A4804990E3}.Debug|Any CPU.ActiveCfg = Debug|Any CPU
		{81B772F6-0917-4AC2-AE6A-12A4804990E3}.Debug|Any CPU.Build.0 = Debug|Any CPU
		{81B772F6-0917-4AC2-AE6A-12A4804990E3}.Release|Any CPU.ActiveCfg = Release|Any CPU
		{81B772F6-0917-4AC2-AE6A-12A4804990E3}.Release|Any CPU.Build.0 = Release|Any CPU
		{5B76A702-8AC2-4FC4-86BC-2D8FC2BA318E}.Debug|Any CPU.ActiveCfg = Debug|Any CPU
		{5B76A702-8AC2-4FC4-86BC-2D8FC2BA318E}.Debug|Any CPU.Build.0 = Debug|Any CPU
		{5B76A702-8AC2-4FC4-86BC-2D8FC2BA318E}.Release|Any CPU.ActiveCfg = Release|Any CPU
		{5B76A702-8AC2-4FC4-86BC-2D8FC2BA318E}.Release|Any CPU.Build.0 = Release|Any CPU
		{CE6C35AA-2AE8-40EE-A720-0D51136BFD79}.Debug|Any CPU.ActiveCfg = Debug|Any CPU
		{CE6C35AA-2AE8-40EE-A720-0D51136BFD79}.Debug|Any CPU.Build.0 = Debug|Any CPU
		{CE6C35AA-2AE8-40EE-A720-0D51136BFD79}.Release|Any CPU.ActiveCfg = Release|Any CPU
		{CE6C35AA-2AE8-40EE-A720-0D51136BFD79}.Release|Any CPU.Build.0 = Release|Any CPU
		{8B06AD25-03F3-4B05-BFDF-B7EE2B73E91A}.Debug|Any CPU.ActiveCfg = Debug|Any CPU
		{8B06AD25-03F3-4B05-BFDF-B7EE2B73E91A}.Debug|Any CPU.Build.0 = Debug|Any CPU
		{8B06AD25-03F3-4B05-BFDF-B7EE2B73E91A}.Release|Any CPU.ActiveCfg = Release|Any CPU
		{8B06AD25-03F3-4B05-BFDF-B7EE2B73E91A}.Release|Any CPU.Build.0 = Release|Any CPU
	EndGlobalSection
	GlobalSection(SolutionProperties) = preSolution
		HideSolutionNode = FALSE
	EndGlobalSection
	GlobalSection(NestedProjects) = preSolution
		{E40317E0-B5B7-4DD2-9DD0-9950721C6DE5} = {3B2886EE-1186-4C50-B616-1304A9C129FB}
		{90CF93C1-87A1-436E-AD91-83E65A905673} = {3B2886EE-1186-4C50-B616-1304A9C129FB}
		{36750292-0862-4E7C-88CC-9CBCC873F3A5} = {90CF93C1-87A1-436E-AD91-83E65A905673}
		{C1112CE8-A258-4E8D-88F9-0B6AD2E5EEBE} = {90CF93C1-87A1-436E-AD91-83E65A905673}
		{F89BBB0C-CC11-4EC2-AC51-BEF62C0E828F} = {C90AF204-D810-4D95-B1A5-B91F507519AB}
		{743A8ECF-39C0-4A6F-84F6-D42210471945} = {F89BBB0C-CC11-4EC2-AC51-BEF62C0E828F}
		{44DF6D61-0D7B-4706-BAFE-B8FB3C22B0EB} = {F89BBB0C-CC11-4EC2-AC51-BEF62C0E828F}
		{468C5EF4-A668-4586-AA90-195F3E279238} = {F89BBB0C-CC11-4EC2-AC51-BEF62C0E828F}
		{343FCCBA-EC7C-46E0-9FE4-5F2E81B7E2DF} = {468C5EF4-A668-4586-AA90-195F3E279238}
		{E8EC59F1-1C74-48F9-A18F-4AC9B6B80A60} = {468C5EF4-A668-4586-AA90-195F3E279238}
		{E3CDBF13-2AAB-4651-9E9E-7029CD881D35} = {F89BBB0C-CC11-4EC2-AC51-BEF62C0E828F}
		{42EDDBC8-D840-4551-8C05-DD67CDD98895} = {F89BBB0C-CC11-4EC2-AC51-BEF62C0E828F}
		{48AE8DE6-21CD-47D4-9CC3-A1E98C0C3032} = {E3CDBF13-2AAB-4651-9E9E-7029CD881D35}
		{2A18C794-11AC-4A55-91C5-7A6CDAA37CD9} = {90CF93C1-87A1-436E-AD91-83E65A905673}
		{603F320A-8C31-4845-AEA2-A7300FC2E648} = {3B2886EE-1186-4C50-B616-1304A9C129FB}
		{9500F43A-B47F-4187-948F-96E3B6CC042C} = {3B2886EE-1186-4C50-B616-1304A9C129FB}
		{A97F879A-D4A7-4FFC-9E73-C52504A6FD5F} = {0B81BC32-028F-475E-82F4-6AE2B7CEB47F}
		{F9C60EDB-EEB4-455E-9E2D-403EC853A1E7} = {0B81BC32-028F-475E-82F4-6AE2B7CEB47F}
		{CBB5E86C-3925-45A5-A76E-0DE113FC4955} = {0B81BC32-028F-475E-82F4-6AE2B7CEB47F}
		{0E36DFF5-00A8-4BAA-B6B8-77605B79D2C2} = {0AA91054-FCD2-4828-BB88-2276FBDB6722}
		{2700B98F-47E8-4E7F-AF79-E90C58ECA296} = {3B2886EE-1186-4C50-B616-1304A9C129FB}
		{EFD67526-7538-4200-A459-AD0BD60A21AD} = {0AA91054-FCD2-4828-BB88-2276FBDB6722}
		{B1A6F562-16B2-4B6C-B12D-940A1ECE662E} = {3B2886EE-1186-4C50-B616-1304A9C129FB}
		{87E06FAC-2DD3-4C45-9566-EB94BFDB49ED} = {40B0B2A3-0A39-4C3C-8DEE-41808991D21F}
		{E6E6A0EC-1BED-4F32-9E0F-B8E35A11EE5F} = {40B0B2A3-0A39-4C3C-8DEE-41808991D21F}
		{59B744A1-FC46-4562-AFAE-4B4E1885EE2C} = {E6E6A0EC-1BED-4F32-9E0F-B8E35A11EE5F}
		{EEF262F6-4DAB-4401-B844-5D9FA963422E} = {40B0B2A3-0A39-4C3C-8DEE-41808991D21F}
		{91339D7B-2EEB-48B1-9582-B6CF3F2BB70F} = {40B0B2A3-0A39-4C3C-8DEE-41808991D21F}
		{53BB6DDA-B201-4ED3-BF36-AB4928D5B817} = {40B0B2A3-0A39-4C3C-8DEE-41808991D21F}
		{52A1E554-FEE4-4BD4-A89E-1DDBC91597C2} = {40B0B2A3-0A39-4C3C-8DEE-41808991D21F}
		{ABBB33E0-132F-494C-95FF-AD2444CCBF10} = {3B2886EE-1186-4C50-B616-1304A9C129FB}
		{7DB19A28-45FB-4D1D-A41F-79D6C7004E21} = {077FF342-B5C1-4ACB-9F6B-D064DCC9AF3C}
		{3A3DF562-6423-4F07-853F-B372C3EC669E} = {BE352F3F-EB14-4C0E-8CFA-0A0B5065BB62}
		{8695513A-EA35-4027-B028-69A5E9307008} = {0AA91054-FCD2-4828-BB88-2276FBDB6722}
		{151A58CD-C60C-4508-B662-B7C8A3E612EE} = {E3FE9B43-966E-4FBF-986F-7691D8C240ED}
		{E3FE9B43-966E-4FBF-986F-7691D8C240ED} = {3B2886EE-1186-4C50-B616-1304A9C129FB}
		{A99D6E30-9CF6-421D-A46E-BA101429038E} = {E6E6A0EC-1BED-4F32-9E0F-B8E35A11EE5F}
		{96DB2D07-7574-421E-99D6-7F37BF8F7562} = {0AA91054-FCD2-4828-BB88-2276FBDB6722}
		{45AE3507-70F4-40E2-97C9-BE7005FEE37A} = {3B2886EE-1186-4C50-B616-1304A9C129FB}
		{CE6C35AA-2AE8-40EE-A720-0D51136BFD79} = {0B81BC32-028F-475E-82F4-6AE2B7CEB47F}
		{8B06AD25-03F3-4B05-BFDF-B7EE2B73E91A} = {0AA91054-FCD2-4828-BB88-2276FBDB6722}
	EndGlobalSection
	GlobalSection(ExtensibilityGlobals) = postSolution
		SolutionGuid = {E75A6A63-872F-41A5-80C6-C3FA93CCA7AC}
	EndGlobalSection
EndGlobal
